<?xml version="1.0" encoding="utf-8"?>
<Project ToolsVersion="4.0" xmlns="http://schemas.microsoft.com/developer/msbuild/2003">
  <ItemGroup>
    <Filter Include="Source Files">
      <UniqueIdentifier>{4FC737F1-C7A5-4376-A066-2A32D752A2FF}</UniqueIdentifier>
      <Extensions>cpp;c;cc;cxx;def;odl;idl;hpj;bat;asm;asmx</Extensions>
    </Filter>
    <Filter Include="Header Files">
      <UniqueIdentifier>{93995380-89BD-4b04-88EB-625FBE52EBFB}</UniqueIdentifier>
      <Extensions>h;hh;hpp;hxx;hm;inl;inc;ipp;xsd</Extensions>
    </Filter>
    <Filter Include="Resource Files">
      <UniqueIdentifier>{67DA6AB6-F800-4c08-8B7A-83BB121AAD01}</UniqueIdentifier>
      <Extensions>rc;ico;cur;bmp;dlg;rc2;rct;bin;rgs;gif;jpg;jpeg;jpe;resx;tiff;tif;png;wav;mfcribbon-ms</Extensions>
    </Filter>
  </ItemGroup>
  <ItemGroup>
    <ClInclude Include="dysk.h">
      <Filter>Header Files</Filter>
    </ClInclude>
    <ClInclude Include="Help.h">
      <Filter>Header Files</Filter>
    </ClInclude>
    <ClInclude Include="inode.h">
      <Filter>Header Files</Filter>
    </ClInclude>
    <ClInclude Include="Interpreter.h">
      <Filter>Header Files</Filter>
    </ClInclude>
    <ClInclude Include="Memory.h">
      <Filter>Header Files</Filter>
    </ClInclude>
    <ClInclude Include="PCB.h">
      <Filter>Header Files</Filter>
    </ClInclude>
    <ClInclude Include="ProcessManager.h">
      <Filter>Header Files</Filter>
    </ClInclude>
    <ClInclude Include="Scheduler.h">
      <Filter>Header Files</Filter>
    </ClInclude>
    <ClInclude Include="Semaphore.h">
      <Filter>Header Files</Filter>
    </ClInclude>
    <ClInclude Include="Shell.h">
      <Filter>Header Files</Filter>
    </ClInclude>
    <ClInclude Include="BetterShell.h">
      <Filter>Header Files</Filter>
    </ClInclude>
  </ItemGroup>
  <ItemGroup>
    <ClCompile Include="dysk.cpp">
      <Filter>Source Files</Filter>
    </ClCompile>
    <ClCompile Include="Help.cpp">
      <Filter>Source Files</Filter>
    </ClCompile>
    <ClCompile Include="inode.cpp">
      <Filter>Source Files</Filter>
    </ClCompile>
    <ClCompile Include="Interpreter.cpp">
      <Filter>Source Files</Filter>
    </ClCompile>
    <ClCompile Include="Memory.cpp">
      <Filter>Source Files</Filter>
    </ClCompile>
    <ClCompile Include="PCB.cpp">
      <Filter>Source Files</Filter>
    </ClCompile>
    <ClCompile Include="ProcessManager.cpp">
      <Filter>Source Files</Filter>
    </ClCompile>
    <ClCompile Include="Scheduler.cpp">
      <Filter>Source Files</Filter>
    </ClCompile>
    <ClCompile Include="Semaphore.cpp">
      <Filter>Source Files</Filter>
    </ClCompile>
    <ClCompile Include="Shell.cpp">
      <Filter>Source Files</Filter>
    </ClCompile>
    <ClCompile Include="RoyalFlushOS.cpp">
      <Filter>Source Files</Filter>
    </ClCompile>
    <ClCompile Include="BetterShell.cpp">
      <Filter>Source Files</Filter>
    </ClCompile>
  </ItemGroup>
  <ItemGroup>
    <Text Include="dummy.txt">
      <Filter>Resource Files</Filter>
    </Text>
    <Text Include="1.txt">
      <Filter>Resource Files</Filter>
    </Text>
    <Text Include="2.txt">
      <Filter>Resource Files</Filter>
    </Text>
    <Text Include="3.txt">
      <Filter>Resource Files</Filter>
    </Text>
    <Text Include="4.txt">
      <Filter>Resource Files</Filter>
    </Text>
    <Text Include="5.txt">
      <Filter>Resource Files</Filter>
    </Text>
    <Text Include="6.txt">
      <Filter>Resource Files</Filter>
    </Text>
    <Text Include="7.txt">
      <Filter>Resource Files</Filter>
    </Text>
    <Text Include="8.txt">
      <Filter>Resource Files</Filter>
    </Text>
    <Text Include="nwd.txt">
      <Filter>Resource Files</Filter>
    </Text>
    <Text Include="testowy.txt">
      <Filter>Resource Files</Filter>
    </Text>
    <Text Include="silnia.txt">
      <Filter>Resource Files</Filter>
    </Text>
    <Text Include="pamiec.txt">
      <Filter>Resource Files</Filter>
    </Text>
    <Text Include="pliki.txt">
      <Filter>Resource Files</Filter>
    </Text>
    <Text Include="cpkp.txt">
      <Filter>Resource Files</Filter>
    </Text>
    <Text Include="procent.txt">
      <Filter>Resource Files</Filter>
    </Text>
  </ItemGroup>
</Project>